// !$*UTF8*$!
{
	archiveVersion = 1;
	classes = {
	};
	objectVersion = 55;
	objects = {

/* Begin PBXBuildFile section */
		0120808C877F439BFE0D9F2A /* Pods_Controllers.framework in Frameworks */ = {isa = PBXBuildFile; fileRef = D1FB23A272B91DCC14B23C82 /* Pods_Controllers.framework */; };
		DA308AD428E9C0AA00C2ED1E /* AppDelegate.swift in Sources */ = {isa = PBXBuildFile; fileRef = DA308AD328E9C0AA00C2ED1E /* AppDelegate.swift */; };
		DA308AD628E9C0AA00C2ED1E /* SceneDelegate.swift in Sources */ = {isa = PBXBuildFile; fileRef = DA308AD528E9C0AA00C2ED1E /* SceneDelegate.swift */; };
		DA308AD828E9C0AA00C2ED1E /* FirstViewController.swift in Sources */ = {isa = PBXBuildFile; fileRef = DA308AD728E9C0AA00C2ED1E /* FirstViewController.swift */; };
		DA308ADB28E9C0AA00C2ED1E /* Main.storyboard in Resources */ = {isa = PBXBuildFile; fileRef = DA308AD928E9C0AA00C2ED1E /* Main.storyboard */; };
		DA308ADD28E9C0AB00C2ED1E /* Assets.xcassets in Resources */ = {isa = PBXBuildFile; fileRef = DA308ADC28E9C0AB00C2ED1E /* Assets.xcassets */; };
		DA308AE028E9C0AB00C2ED1E /* LaunchScreen.storyboard in Resources */ = {isa = PBXBuildFile; fileRef = DA308ADE28E9C0AB00C2ED1E /* LaunchScreen.storyboard */; };
		DA99415928E9C4BD0094F52A /* SecondViewController.swift in Sources */ = {isa = PBXBuildFile; fileRef = DA99415828E9C4BC0094F52A /* SecondViewController.swift */; };
		DA99415B28E9C5020094F52A /* ThirdViewController.swift in Sources */ = {isa = PBXBuildFile; fileRef = DA99415A28E9C5020094F52A /* ThirdViewController.swift */; };
		DA99415F28E9C5900094F52A /* FourthViewController.swift in Sources */ = {isa = PBXBuildFile; fileRef = DA99415E28E9C5900094F52A /* FourthViewController.swift */; };
		DA99416128E9C6100094F52A /* FifthViewController.swift in Sources */ = {isa = PBXBuildFile; fileRef = DA99416028E9C6100094F52A /* FifthViewController.swift */; };
		DA99416328E9C9DC0094F52A /* MyModel.swift in Sources */ = {isa = PBXBuildFile; fileRef = DA99416228E9C9DC0094F52A /* MyModel.swift */; };
/* End PBXBuildFile section */

/* Begin PBXFileReference section */
		86101D134AABE4CEBFB4F89F /* Pods-Controllers.release.xcconfig */ = {isa = PBXFileReference; includeInIndex = 1; lastKnownFileType = text.xcconfig; name = "Pods-Controllers.release.xcconfig"; path = "Target Support Files/Pods-Controllers/Pods-Controllers.release.xcconfig"; sourceTree = "<group>"; };
		981F847C69CA0FE383AD002E /* Pods-Controllers.debug.xcconfig */ = {isa = PBXFileReference; includeInIndex = 1; lastKnownFileType = text.xcconfig; name = "Pods-Controllers.debug.xcconfig"; path = "Target Support Files/Pods-Controllers/Pods-Controllers.debug.xcconfig"; sourceTree = "<group>"; };
		D1FB23A272B91DCC14B23C82 /* Pods_Controllers.framework */ = {isa = PBXFileReference; explicitFileType = wrapper.framework; includeInIndex = 0; path = Pods_Controllers.framework; sourceTree = BUILT_PRODUCTS_DIR; };
		DA308AD028E9C0AA00C2ED1E /* Controllers.app */ = {isa = PBXFileReference; explicitFileType = wrapper.application; includeInIndex = 0; path = Controllers.app; sourceTree = BUILT_PRODUCTS_DIR; };
		DA308AD328E9C0AA00C2ED1E /* AppDelegate.swift */ = {isa = PBXFileReference; lastKnownFileType = sourcecode.swift; path = AppDelegate.swift; sourceTree = "<group>"; };
		DA308AD528E9C0AA00C2ED1E /* SceneDelegate.swift */ = {isa = PBXFileReference; lastKnownFileType = sourcecode.swift; path = SceneDelegate.swift; sourceTree = "<group>"; };
		DA308AD728E9C0AA00C2ED1E /* FirstViewController.swift */ = {isa = PBXFileReference; lastKnownFileType = sourcecode.swift; path = FirstViewController.swift; sourceTree = "<group>"; };
		DA308ADA28E9C0AA00C2ED1E /* Base */ = {isa = PBXFileReference; lastKnownFileType = file.storyboard; name = Base; path = Base.lproj/Main.storyboard; sourceTree = "<group>"; };
		DA308ADC28E9C0AB00C2ED1E /* Assets.xcassets */ = {isa = PBXFileReference; lastKnownFileType = folder.assetcatalog; path = Assets.xcassets; sourceTree = "<group>"; };
		DA308ADF28E9C0AB00C2ED1E /* Base */ = {isa = PBXFileReference; lastKnownFileType = file.storyboard; name = Base; path = Base.lproj/LaunchScreen.storyboard; sourceTree = "<group>"; };
		DA308AE128E9C0AB00C2ED1E /* Info.plist */ = {isa = PBXFileReference; lastKnownFileType = text.plist.xml; path = Info.plist; sourceTree = "<group>"; };
		DA99415828E9C4BC0094F52A /* SecondViewController.swift */ = {isa = PBXFileReference; lastKnownFileType = sourcecode.swift; name = SecondViewController.swift; path = /Users/svetlana/xcode/Controllers/Controllers/SecondViewController.swift; sourceTree = "<absolute>"; };
		DA99415A28E9C5020094F52A /* ThirdViewController.swift */ = {isa = PBXFileReference; lastKnownFileType = sourcecode.swift; name = ThirdViewController.swift; path = /Users/svetlana/xcode/Controllers/Controllers/ThirdViewController.swift; sourceTree = "<absolute>"; };
		DA99415E28E9C5900094F52A /* FourthViewController.swift */ = {isa = PBXFileReference; lastKnownFileType = sourcecode.swift; name = FourthViewController.swift; path = /Users/svetlana/xcode/Controllers/Controllers/FourthViewController.swift; sourceTree = "<absolute>"; };
		DA99416028E9C6100094F52A /* FifthViewController.swift */ = {isa = PBXFileReference; lastKnownFileType = sourcecode.swift; name = FifthViewController.swift; path = /Users/svetlana/xcode/Controllers/Controllers/FifthViewController.swift; sourceTree = "<absolute>"; };
		DA99416228E9C9DC0094F52A /* MyModel.swift */ = {isa = PBXFileReference; lastKnownFileType = sourcecode.swift; name = MyModel.swift; path = /Users/svetlana/xcode/Controllers/Controllers/MyModel.swift; sourceTree = "<absolute>"; };
/* End PBXFileReference section */

/* Begin PBXFrameworksBuildPhase section */
		DA308ACD28E9C0AA00C2ED1E /* Frameworks */ = {
			isa = PBXFrameworksBuildPhase;
			buildActionMask = 2147483647;
			files = (
				0120808C877F439BFE0D9F2A /* Pods_Controllers.framework in Frameworks */,
			);
			runOnlyForDeploymentPostprocessing = 0;
		};
/* End PBXFrameworksBuildPhase section */

/* Begin PBXGroup section */
		225930DEDE3E6E76CC4046B3 /* Pods */ = {
			isa = PBXGroup;
			children = (
				981F847C69CA0FE383AD002E /* Pods-Controllers.debug.xcconfig */,
				86101D134AABE4CEBFB4F89F /* Pods-Controllers.release.xcconfig */,
			);
			path = Pods;
			sourceTree = "<group>";
		};
		4C6F761B700AD3E9FC08CF48 /* Frameworks */ = {
			isa = PBXGroup;
			children = (
				D1FB23A272B91DCC14B23C82 /* Pods_Controllers.framework */,
			);
			name = Frameworks;
			sourceTree = "<group>";
		};
		DA308AC728E9C0AA00C2ED1E = {
			isa = PBXGroup;
			children = (
				DA308AD228E9C0AA00C2ED1E /* Controllers */,
				DA308AD128E9C0AA00C2ED1E /* Products */,
				225930DEDE3E6E76CC4046B3 /* Pods */,
				4C6F761B700AD3E9FC08CF48 /* Frameworks */,
			);
			sourceTree = "<group>";
		};
		DA308AD128E9C0AA00C2ED1E /* Products */ = {
			isa = PBXGroup;
			children = (
				DA308AD028E9C0AA00C2ED1E /* Controllers.app */,
			);
			name = Products;
			sourceTree = "<group>";
		};
		DA308AD228E9C0AA00C2ED1E /* Controllers */ = {
			isa = PBXGroup;
			children = (
				DA308AD328E9C0AA00C2ED1E /* AppDelegate.swift */,
				DA308AD528E9C0AA00C2ED1E /* SceneDelegate.swift */,
				DA308AD728E9C0AA00C2ED1E /* FirstViewController.swift */,
				DA99415828E9C4BC0094F52A /* SecondViewController.swift */,
				DA99415A28E9C5020094F52A /* ThirdViewController.swift */,
				DA99415E28E9C5900094F52A /* FourthViewController.swift */,
				DA99416028E9C6100094F52A /* FifthViewController.swift */,
				DA99416228E9C9DC0094F52A /* MyModel.swift */,
				DA308AD928E9C0AA00C2ED1E /* Main.storyboard */,
				DA308ADC28E9C0AB00C2ED1E /* Assets.xcassets */,
				DA308ADE28E9C0AB00C2ED1E /* LaunchScreen.storyboard */,
				DA308AE128E9C0AB00C2ED1E /* Info.plist */,
			);
			path = Controllers;
			sourceTree = "<group>";
		};
/* End PBXGroup section */

/* Begin PBXNativeTarget section */
		DA308ACF28E9C0AA00C2ED1E /* Controllers */ = {
			isa = PBXNativeTarget;
			buildConfigurationList = DA308AE428E9C0AB00C2ED1E /* Build configuration list for PBXNativeTarget "Controllers" */;
			buildPhases = (
				F585021C896F4E07A87D0F5B /* [CP] Check Pods Manifest.lock */,
				DA308ACC28E9C0AA00C2ED1E /* Sources */,
				DA308ACD28E9C0AA00C2ED1E /* Frameworks */,
				DA308ACE28E9C0AA00C2ED1E /* Resources */,
				DAFC1AFB1084E345678BC54F /* [CP] Embed Pods Frameworks */,
			);
			buildRules = (
			);
			dependencies = (
			);
			name = Controllers;
			productName = Controllers;
			productReference = DA308AD028E9C0AA00C2ED1E /* Controllers.app */;
			productType = "com.apple.product-type.application";
		};
/* End PBXNativeTarget section */

/* Begin PBXProject section */
		DA308AC828E9C0AA00C2ED1E /* Project object */ = {
			isa = PBXProject;
			attributes = {
				BuildIndependentTargetsInParallel = 1;
				LastSwiftUpdateCheck = 1340;
				LastUpgradeCheck = 1340;
				TargetAttributes = {
					DA308ACF28E9C0AA00C2ED1E = {
						CreatedOnToolsVersion = 13.4.1;
					};
				};
			};
			buildConfigurationList = DA308ACB28E9C0AA00C2ED1E /* Build configuration list for PBXProject "Controllers" */;
			compatibilityVersion = "Xcode 13.0";
			developmentRegion = en;
			hasScannedForEncodings = 0;
			knownRegions = (
				en,
				Base,
			);
			mainGroup = DA308AC728E9C0AA00C2ED1E;
			productRefGroup = DA308AD128E9C0AA00C2ED1E /* Products */;
			projectDirPath = "";
			projectRoot = "";
			targets = (
				DA308ACF28E9C0AA00C2ED1E /* Controllers */,
			);
		};
/* End PBXProject section */

/* Begin PBXResourcesBuildPhase section */
		DA308ACE28E9C0AA00C2ED1E /* Resources */ = {
			isa = PBXResourcesBuildPhase;
			buildActionMask = 2147483647;
			files = (
				DA308AE028E9C0AB00C2ED1E /* LaunchScreen.storyboard in Resources */,
				DA308ADD28E9C0AB00C2ED1E /* Assets.xcassets in Resources */,
				DA308ADB28E9C0AA00C2ED1E /* Main.storyboard in Resources */,
			);
			runOnlyForDeploymentPostprocessing = 0;
		};
/* End PBXResourcesBuildPhase section */

/* Begin PBXShellScriptBuildPhase section */
		DAFC1AFB1084E345678BC54F /* [CP] Embed Pods Frameworks */ = {
			isa = PBXShellScriptBuildPhase;
			buildActionMask = 2147483647;
			files = (
			);
			inputFileListPaths = (
				"${PODS_ROOT}/Target Support Files/Pods-Controllers/Pods-Controllers-frameworks-${CONFIGURATION}-input-files.xcfilelist",
			);
			name = "[CP] Embed Pods Frameworks";
			outputFileListPaths = (
				"${PODS_ROOT}/Target Support Files/Pods-Controllers/Pods-Controllers-frameworks-${CONFIGURATION}-output-files.xcfilelist",
			);
			runOnlyForDeploymentPostprocessing = 0;
			shellPath = /bin/sh;
			shellScript = "\"${PODS_ROOT}/Target Support Files/Pods-Controllers/Pods-Controllers-frameworks.sh\"\n";
			showEnvVarsInLog = 0;
		};
		F585021C896F4E07A87D0F5B /* [CP] Check Pods Manifest.lock */ = {
			isa = PBXShellScriptBuildPhase;
			buildActionMask = 2147483647;
			files = (
			);
			inputFileListPaths = (
			);
			inputPaths = (
				"${PODS_PODFILE_DIR_PATH}/Podfile.lock",
				"${PODS_ROOT}/Manifest.lock",
			);
			name = "[CP] Check Pods Manifest.lock";
			outputFileListPaths = (
			);
			outputPaths = (
				"$(DERIVED_FILE_DIR)/Pods-Controllers-checkManifestLockResult.txt",
			);
			runOnlyForDeploymentPostprocessing = 0;
			shellPath = /bin/sh;
			shellScript = "diff \"${PODS_PODFILE_DIR_PATH}/Podfile.lock\" \"${PODS_ROOT}/Manifest.lock\" > /dev/null\nif [ $? != 0 ] ; then\n    # print error to STDERR\n    echo \"error: The sandbox is not in sync with the Podfile.lock. Run 'pod install' or update your CocoaPods installation.\" >&2\n    exit 1\nfi\n# This output is used by Xcode 'outputs' to avoid re-running this script phase.\necho \"SUCCESS\" > \"${SCRIPT_OUTPUT_FILE_0}\"\n";
			showEnvVarsInLog = 0;
		};
/* End PBXShellScriptBuildPhase section */

/* Begin PBXSourcesBuildPhase section */
		DA308ACC28E9C0AA00C2ED1E /* Sources */ = {
			isa = PBXSourcesBuildPhase;
			buildActionMask = 2147483647;
			files = (
				DA99415F28E9C5900094F52A /* FourthViewController.swift in Sources */,
				DA99415928E9C4BD0094F52A /* SecondViewController.swift in Sources */,
				DA308AD828E9C0AA00C2ED1E /* FirstViewController.swift in Sources */,
				DA99415B28E9C5020094F52A /* ThirdViewController.swift in Sources */,
				DA308AD428E9C0AA00C2ED1E /* AppDelegate.swift in Sources */,
				DA308AD628E9C0AA00C2ED1E /* SceneDelegate.swift in Sources */,
				DA99416128E9C6100094F52A /* FifthViewController.swift in Sources */,
				DA99416328E9C9DC0094F52A /* MyModel.swift in Sources */,
			);
			runOnlyForDeploymentPostprocessing = 0;
		};
/* End PBXSourcesBuildPhase section */

/* Begin PBXVariantGroup section */
		DA308AD928E9C0AA00C2ED1E /* Main.storyboard */ = {
			isa = PBXVariantGroup;
			children = (
				DA308ADA28E9C0AA00C2ED1E /* Base */,
			);
			name = Main.storyboard;
			sourceTree = "<group>";
		};
		DA308ADE28E9C0AB00C2ED1E /* LaunchScreen.storyboard */ = {
			isa = PBXVariantGroup;
			children = (
				DA308ADF28E9C0AB00C2ED1E /* Base */,
			);
			name = LaunchScreen.storyboard;
			sourceTree = "<group>";
		};
/* End PBXVariantGroup section */

/* Begin XCBuildConfiguration section */
		DA308AE228E9C0AB00C2ED1E /* Debug */ = {
			isa = XCBuildConfiguration;
			buildSettings = {
				ALWAYS_SEARCH_USER_PATHS = NO;
				CLANG_ANALYZER_NONNULL = YES;
				CLANG_ANALYZER_NUMBER_OBJECT_CONVERSION = YES_AGGRESSIVE;
				CLANG_CXX_LANGUAGE_STANDARD = "gnu++17";
				CLANG_ENABLE_MODULES = YES;
				CLANG_ENABLE_OBJC_ARC = YES;
				CLANG_ENABLE_OBJC_WEAK = YES;
				CLANG_WARN_BLOCK_CAPTURE_AUTORELEASING = YES;
				CLANG_WARN_BOOL_CONVERSION = YES;
				CLANG_WARN_COMMA = YES;
				CLANG_WARN_CONSTANT_CONVERSION = YES;
				CLANG_WARN_DEPRECATED_OBJC_IMPLEMENTATIONS = YES;
				CLANG_WARN_DIRECT_OBJC_ISA_USAGE = YES_ERROR;
				CLANG_WARN_DOCUMENTATION_COMMENTS = YES;
				CLANG_WARN_EMPTY_BODY = YES;
				CLANG_WARN_ENUM_CONVERSION = YES;
				CLANG_WARN_INFINITE_RECURSION = YES;
				CLANG_WARN_INT_CONVERSION = YES;
				CLANG_WARN_NON_LITERAL_NULL_CONVERSION = YES;
				CLANG_WARN_OBJC_IMPLICIT_RETAIN_SELF = YES;
				CLANG_WARN_OBJC_LITERAL_CONVERSION = YES;
				CLANG_WARN_OBJC_ROOT_CLASS = YES_ERROR;
				CLANG_WARN_QUOTED_INCLUDE_IN_FRAMEWORK_HEADER = YES;
				CLANG_WARN_RANGE_LOOP_ANALYSIS = YES;
				CLANG_WARN_STRICT_PROTOTYPES = YES;
				CLANG_WARN_SUSPICIOUS_MOVE = YES;
				CLANG_WARN_UNGUARDED_AVAILABILITY = YES_AGGRESSIVE;
				CLANG_WARN_UNREACHABLE_CODE = YES;
				CLANG_WARN__DUPLICATE_METHOD_MATCH = YES;
				COPY_PHASE_STRIP = NO;
				DEBUG_INFORMATION_FORMAT = dwarf;
				ENABLE_STRICT_OBJC_MSGSEND = YES;
				ENABLE_TESTABILITY = YES;
				GCC_C_LANGUAGE_STANDARD = gnu11;
				GCC_DYNAMIC_NO_PIC = NO;
				GCC_NO_COMMON_BLOCKS = YES;
				GCC_OPTIMIZATION_LEVEL = 0;
				GCC_PREPROCESSOR_DEFINITIONS = (
					"DEBUG=1",
					"$(inherited)",
				);
				GCC_WARN_64_TO_32_BIT_CONVERSION = YES;
				GCC_WARN_ABOUT_RETURN_TYPE = YES_ERROR;
				GCC_WARN_UNDECLARED_SELECTOR = YES;
				GCC_WARN_UNINITIALIZED_AUTOS = YES_AGGRESSIVE;
				GCC_WARN_UNUSED_FUNCTION = YES;
				GCC_WARN_UNUSED_VARIABLE = YES;
				IPHONEOS_DEPLOYMENT_TARGET = 15.5;
				MTL_ENABLE_DEBUG_INFO = INCLUDE_SOURCE;
				MTL_FAST_MATH = YES;
				ONLY_ACTIVE_ARCH = YES;
				SDKROOT = iphoneos;
				SWIFT_ACTIVE_COMPILATION_CONDITIONS = DEBUG;
				SWIFT_OPTIMIZATION_LEVEL = "-Onone";
			};
			name = Debug;
		};
		DA308AE328E9C0AB00C2ED1E /* Release */ = {
			isa = XCBuildConfiguration;
			buildSettings = {
				ALWAYS_SEARCH_USER_PATHS = NO;
				CLANG_ANALYZER_NONNULL = YES;
				CLANG_ANALYZER_NUMBER_OBJECT_CONVERSION = YES_AGGRESSIVE;
				CLANG_CXX_LANGUAGE_STANDARD = "gnu++17";
				CLANG_ENABLE_MODULES = YES;
				CLANG_ENABLE_OBJC_ARC = YES;
				CLANG_ENABLE_OBJC_WEAK = YES;
				CLANG_WARN_BLOCK_CAPTURE_AUTORELEASING = YES;
				CLANG_WARN_BOOL_CONVERSION = YES;
				CLANG_WARN_COMMA = YES;
				CLANG_WARN_CONSTANT_CONVERSION = YES;
				CLANG_WARN_DEPRECATED_OBJC_IMPLEMENTATIONS = YES;
				CLANG_WARN_DIRECT_OBJC_ISA_USAGE = YES_ERROR;
				CLANG_WARN_DOCUMENTATION_COMMENTS = YES;
				CLANG_WARN_EMPTY_BODY = YES;
				CLANG_WARN_ENUM_CONVERSION = YES;
				CLANG_WARN_INFINITE_RECURSION = YES;
				CLANG_WARN_INT_CONVERSION = YES;
				CLANG_WARN_NON_LITERAL_NULL_CONVERSION = YES;
				CLANG_WARN_OBJC_IMPLICIT_RETAIN_SELF = YES;
				CLANG_WARN_OBJC_LITERAL_CONVERSION = YES;
				CLANG_WARN_OBJC_ROOT_CLASS = YES_ERROR;
				CLANG_WARN_QUOTED_INCLUDE_IN_FRAMEWORK_HEADER = YES;
				CLANG_WARN_RANGE_LOOP_ANALYSIS = YES;
				CLANG_WARN_STRICT_PROTOTYPES = YES;
				CLANG_WARN_SUSPICIOUS_MOVE = YES;
				CLANG_WARN_UNGUARDED_AVAILABILITY = YES_AGGRESSIVE;
				CLANG_WARN_UNREACHABLE_CODE = YES;
				CLANG_WARN__DUPLICATE_METHOD_MATCH = YES;
				COPY_PHASE_STRIP = NO;
				DEBUG_INFORMATION_FORMAT = "dwarf-with-dsym";
				ENABLE_NS_ASSERTIONS = NO;
				ENABLE_STRICT_OBJC_MSGSEND = YES;
				GCC_C_LANGUAGE_STANDARD = gnu11;
				GCC_NO_COMMON_BLOCKS = YES;
				GCC_WARN_64_TO_32_BIT_CONVERSION = YES;
				GCC_WARN_ABOUT_RETURN_TYPE = YES_ERROR;
				GCC_WARN_UNDECLARED_SELECTOR = YES;
				GCC_WARN_UNINITIALIZED_AUTOS = YES_AGGRESSIVE;
				GCC_WARN_UNUSED_FUNCTION = YES;
				GCC_WARN_UNUSED_VARIABLE = YES;
				IPHONEOS_DEPLOYMENT_TARGET = 15.5;
				MTL_ENABLE_DEBUG_INFO = NO;
				MTL_FAST_MATH = YES;
				SDKROOT = iphoneos;
				SWIFT_COMPILATION_MODE = wholemodule;
				SWIFT_OPTIMIZATION_LEVEL = "-O";
				VALIDATE_PRODUCT = YES;
			};
			name = Release;
		};
		DA308AE528E9C0AB00C2ED1E /* Debug */ = {
			isa = XCBuildConfiguration;
			baseConfigurationReference = 981F847C69CA0FE383AD002E /* Pods-Controllers.debug.xcconfig */;
			buildSettings = {
				ASSETCATALOG_COMPILER_APPICON_NAME = AppIcon;
				ASSETCATALOG_COMPILER_GLOBAL_ACCENT_COLOR_NAME = AccentColor;
				CODE_SIGN_STYLE = Automatic;
				CURRENT_PROJECT_VERSION = 1;
				DEVELOPMENT_TEAM = 534R485N9F;
				GENERATE_INFOPLIST_FILE = YES;
				INFOPLIST_FILE = Controllers/Info.plist;
				INFOPLIST_KEY_UIApplicationSupportsIndirectInputEvents = YES;
				INFOPLIST_KEY_UILaunchStoryboardName = LaunchScreen;
				INFOPLIST_KEY_UIMainStoryboardFile = Main;
				INFOPLIST_KEY_UISupportedInterfaceOrientations_iPad = "UIInterfaceOrientationPortrait UIInterfaceOrientationPortraitUpsideDown UIInterfaceOrientationLandscapeLeft UIInterfaceOrientationLandscapeRight";
				INFOPLIST_KEY_UISupportedInterfaceOrientations_iPhone = "UIInterfaceOrientationPortrait UIInterfaceOrientationLandscapeLeft UIInterfaceOrientationLandscapeRight";
				LD_RUNPATH_SEARCH_PATHS = (
					"$(inherited)",
					"@executable_path/Frameworks",
				);
				MARKETING_VERSION = 1.0;
				PRODUCT_BUNDLE_IDENTIFIER = com.Litvishko.Controllers;
				PRODUCT_NAME = "$(TARGET_NAME)";
				SWIFT_EMIT_LOC_STRINGS = YES;
				SWIFT_VERSION = 5.0;
				TARGETED_DEVICE_FAMILY = "1,2";
			};
			name = Debug;
		};
		DA308AE628E9C0AB00C2ED1E /* Release */ = {
			isa = XCBuildConfiguration;
			baseConfigurationReference = 86101D134AABE4CEBFB4F89F /* Pods-Controllers.release.xcconfig */;
			buildSettings = {
				ASSETCATALOG_COMPILER_APPICON_NAME = AppIcon;
				ASSETCATALOG_COMPILER_GLOBAL_ACCENT_COLOR_NAME = AccentColor;
				CODE_SIGN_STYLE = Automatic;
				CURRENT_PROJECT_VERSION = 1;
				DEVELOPMENT_TEAM = 534R485N9F;
				GENERATE_INFOPLIST_FILE = YES;
				INFOPLIST_FILE = Controllers/Info.plist;
				INFOPLIST_KEY_UIApplicationSupportsIndirectInputEvents = YES;
				INFOPLIST_KEY_UILaunchStoryboardName = LaunchScreen;
				INFOPLIST_KEY_UIMainStoryboardFile = Main;
				INFOPLIST_KEY_UISupportedInterfaceOrientations_iPad = "UIInterfaceOrientationPortrait UIInterfaceOrientationPortraitUpsideDown UIInterfaceOrientationLandscapeLeft UIInterfaceOrientationLandscapeRight";
				INFOPLIST_KEY_UISupportedInterfaceOrientations_iPhone = "UIInterfaceOrientationPortrait UIInterfaceOrientationLandscapeLeft UIInterfaceOrientationLandscapeRight";
				LD_RUNPATH_SEARCH_PATHS = (
					"$(inherited)",
					"@executable_path/Frameworks",
				);
				MARKETING_VERSION = 1.0;
				PRODUCT_BUNDLE_IDENTIFIER = com.Litvishko.Controllers;
				PRODUCT_NAME = "$(TARGET_NAME)";
				SWIFT_EMIT_LOC_STRINGS = YES;
				SWIFT_VERSION = 5.0;
				TARGETED_DEVICE_FAMILY = "1,2";
			};
			name = Release;
		};
/* End XCBuildConfiguration section */

/* Begin XCConfigurationList section */
		DA308ACB28E9C0AA00C2ED1E /* Build configuration list for PBXProject "Controllers" */ = {
			isa = XCConfigurationList;
			buildConfigurations = (
				DA308AE228E9C0AB00C2ED1E /* Debug */,
				DA308AE328E9C0AB00C2ED1E /* Release */,
			);
			defaultConfigurationIsVisible = 0;
			defaultConfigurationName = Release;
		};
		DA308AE428E9C0AB00C2ED1E /* Build configuration list for PBXNativeTarget "Controllers" */ = {
			isa = XCConfigurationList;
			buildConfigurations = (
				DA308AE528E9C0AB00C2ED1E /* Debug */,
				DA308AE628E9C0AB00C2ED1E /* Release */,
			);
			defaultConfigurationIsVisible = 0;
			defaultConfigurationName = Release;
		};
/* End XCConfigurationList section */
	};
	rootObject = DA308AC828E9C0AA00C2ED1E /* Project object */;
}
